
Microsoft Visual Studio Solution File, Format Version 12.00
# Visual Studio 15
VisualStudioVersion = 15.0.33919.361
MinimumVisualStudioVersion = 10.0.40219.1
Project("{FAE04EC0-301F-11D3-BF4B-00C04F79EFBC}") = "Alarm Programı", "Alarm Programı\Alarm Programı.csproj", "{DB6D4069-7D59-4765-97EF-83C9B892E8D0}"
EndProject
Global
	GlobalSection(SolutionConfigurationPlatforms) = preSolution
		Debug|Any CPU = Debug|Any CPU
		Release|Any CPU = Release|Any CPU
	EndGlobalSection
	GlobalSection(ProjectConfigurationPlatforms) = postSolution
		{DB6D4069-7D59-4765-97EF-83C9B892E8D0}.Debug|Any CPU.ActiveCfg = Debug|Any CPU
		{DB6D4069-7D59-4765-97EF-83C9B892E8D0}.Debug|Any CPU.Build.0 = Debug|Any CPU
		{DB6D4069-7D59-4765-97EF-83C9B892E8D0}.Release|Any CPU.ActiveCfg = Release|Any CPU
		{DB6D4069-7D59-4765-97EF-83C9B892E8D0}.Release|Any CPU.Build.0 = Release|Any CPU
	EndGlobalSection
	GlobalSection(SolutionProperties) = preSolution
		HideSolutionNode = FALSE
	EndGlobalSection
	GlobalSection(ExtensibilityGlobals) = postSolution
		SolutionGuid = {E281199C-E6EE-43A7-9467-48BDABE8587E}
	EndGlobalSection
EndGlobal
